
Microsoft Visual Studio Solution File, Format Version 12.00
# Visual Studio Version 17
VisualStudioVersion = 17.5.33516.290
MinimumVisualStudioVersion = 10.0.40219.1
Project("{FAE04EC0-301F-11D3-BF4B-00C04F79EFBC}") = "Clothing_Store_API", "Clothing_Store_API\Clothing_Store_API.csproj", "{751784CC-D16A-423E-BAC5-0881BBB6C633}"
EndProject
Global
	GlobalSection(SolutionConfigurationPlatforms) = preSolution
		Debug|Any CPU = Debug|Any CPU
		Release|Any CPU = Release|Any CPU
	EndGlobalSection
	GlobalSection(ProjectConfigurationPlatforms) = postSolution
		{751784CC-D16A-423E-BAC5-0881BBB6C633}.Debug|Any CPU.ActiveCfg = Debug|Any CPU
		{751784CC-D16A-423E-BAC5-0881BBB6C633}.Debug|Any CPU.Build.0 = Debug|Any CPU
		{751784CC-D16A-423E-BAC5-0881BBB6C633}.Release|Any CPU.ActiveCfg = Release|Any CPU
		{751784CC-D16A-423E-BAC5-0881BBB6C633}.Release|Any CPU.Build.0 = Release|Any CPU
	EndGlobalSection
	GlobalSection(SolutionProperties) = preSolution
		HideSolutionNode = FALSE
	EndGlobalSection
	GlobalSection(ExtensibilityGlobals) = postSolution
		SolutionGuid = {C1CA670D-4A93-4636-9CE2-F72A7632E121}
	EndGlobalSection
EndGlobal
